
Microsoft Visual Studio Solution File, Format Version 12.00
# Visual Studio Version 16
VisualStudioVersion = 16.0.31025.194
MinimumVisualStudioVersion = 10.0.40219.1
Project("{FAE04EC0-301F-11D3-BF4B-00C04F79EFBC}") = "BackEndDigitalWare.Transversal", "BackEndDigitalWare.Transversal\BackEndDigitalWare.Transversal.csproj", "{ED995650-7BB7-45A4-B6D3-F6E6BE0ABB7C}"
EndProject
Project("{FAE04EC0-301F-11D3-BF4B-00C04F79EFBC}") = "BackEndDigitalWare.Domain", "BackEndDigitalWare.Domain\BackEndDigitalWare.Domain.csproj", "{F752E37E-3E65-497D-B4C8-6FE11813B433}"
EndProject
Project("{FAE04EC0-301F-11D3-BF4B-00C04F79EFBC}") = "BackEndDigitalWare.Infrastructure", "BackEndDigitalWare.Infrastructure\BackEndDigitalWare.Infrastructure.csproj", "{6096DD98-FE9A-4A9D-AD39-B6543472524B}"
EndProject
Project("{9A19103F-16F7-4668-BE54-9A1E7A4F7556}") = "BackEndDigitalWare.Gateway.Api", "BackEndDigitalWare.Gateway.Api\BackEndDigitalWare.Gateway.Api.csproj", "{DDB101A8-A7B6-49B7-82F9-98DA2192BE17}"
EndProject
Project("{FAE04EC0-301F-11D3-BF4B-00C04F79EFBC}") = "BackEndDigitalWare.Aplication", "BackEndDigitalWare.Aplication\BackEndDigitalWare.Aplication.csproj", "{2BA03BF4-B0FC-41AD-8475-EBA8C58EAE8F}"
EndProject
Global
	GlobalSection(SolutionConfigurationPlatforms) = preSolution
		Debug|Any CPU = Debug|Any CPU
		Release|Any CPU = Release|Any CPU
	EndGlobalSection
	GlobalSection(ProjectConfigurationPlatforms) = postSolution
		{ED995650-7BB7-45A4-B6D3-F6E6BE0ABB7C}.Debug|Any CPU.ActiveCfg = Debug|Any CPU
		{ED995650-7BB7-45A4-B6D3-F6E6BE0ABB7C}.Debug|Any CPU.Build.0 = Debug|Any CPU
		{ED995650-7BB7-45A4-B6D3-F6E6BE0ABB7C}.Release|Any CPU.ActiveCfg = Release|Any CPU
		{ED995650-7BB7-45A4-B6D3-F6E6BE0ABB7C}.Release|Any CPU.Build.0 = Release|Any CPU
		{F752E37E-3E65-497D-B4C8-6FE11813B433}.Debug|Any CPU.ActiveCfg = Debug|Any CPU
		{F752E37E-3E65-497D-B4C8-6FE11813B433}.Debug|Any CPU.Build.0 = Debug|Any CPU
		{F752E37E-3E65-497D-B4C8-6FE11813B433}.Release|Any CPU.ActiveCfg = Release|Any CPU
		{F752E37E-3E65-497D-B4C8-6FE11813B433}.Release|Any CPU.Build.0 = Release|Any CPU
		{6096DD98-FE9A-4A9D-AD39-B6543472524B}.Debug|Any CPU.ActiveCfg = Debug|Any CPU
		{6096DD98-FE9A-4A9D-AD39-B6543472524B}.Debug|Any CPU.Build.0 = Debug|Any CPU
		{6096DD98-FE9A-4A9D-AD39-B6543472524B}.Release|Any CPU.ActiveCfg = Release|Any CPU
		{6096DD98-FE9A-4A9D-AD39-B6543472524B}.Release|Any CPU.Build.0 = Release|Any CPU
		{DDB101A8-A7B6-49B7-82F9-98DA2192BE17}.Debug|Any CPU.ActiveCfg = Debug|Any CPU
		{DDB101A8-A7B6-49B7-82F9-98DA2192BE17}.Debug|Any CPU.Build.0 = Debug|Any CPU
		{DDB101A8-A7B6-49B7-82F9-98DA2192BE17}.Release|Any CPU.ActiveCfg = Release|Any CPU
		{DDB101A8-A7B6-49B7-82F9-98DA2192BE17}.Release|Any CPU.Build.0 = Release|Any CPU
		{2BA03BF4-B0FC-41AD-8475-EBA8C58EAE8F}.Debug|Any CPU.ActiveCfg = Debug|Any CPU
		{2BA03BF4-B0FC-41AD-8475-EBA8C58EAE8F}.Debug|Any CPU.Build.0 = Debug|Any CPU
		{2BA03BF4-B0FC-41AD-8475-EBA8C58EAE8F}.Release|Any CPU.ActiveCfg = Release|Any CPU
		{2BA03BF4-B0FC-41AD-8475-EBA8C58EAE8F}.Release|Any CPU.Build.0 = Release|Any CPU
	EndGlobalSection
	GlobalSection(SolutionProperties) = preSolution
		HideSolutionNode = FALSE
	EndGlobalSection
	GlobalSection(ExtensibilityGlobals) = postSolution
		SolutionGuid = {0BF2B7ED-423F-411D-9E91-A9AD75D6D0C1}
	EndGlobalSection
EndGlobal
